PODS:
  - Forge (0.0.8)
  - Satin (0.2.2)

DEPENDENCIES:
  - Forge (= 0.0.8)
  - Satin (from `../`)

SPEC REPOS:
  https://github.com/CocoaPods/Specs.git:
    - Forge

EXTERNAL SOURCES:
  Satin:
    :path: "../"

SPEC CHECKSUMS:
  Forge: 9ab0ab1075eb9a48e3c4a70a5127d2cdd95fd490
  Satin: 8fea61a00c989d00c6b61782d4445a8dee7d5073

PODFILE CHECKSUM: bc40953845094bc8b32143ee59952a4b1bf4043e

COCOAPODS: 1.8.4
